// !$*UTF8*$!
{
	archiveVersion = 1;
	classes = {
	};
	objectVersion = 56;
	objects = {

/* Begin PBXBuildFile section */
		AB3604BF29DB34EF00247FEE /* MotionAnimationView.swift in Sources */ = {isa = PBXBuildFile; fileRef = AB3604BE29DB34EF00247FEE /* MotionAnimationView.swift */; };
		AB4604F129D9671B00373E2B /* VideoModel.swift in Sources */ = {isa = PBXBuildFile; fileRef = AB4604F029D9671B00373E2B /* VideoModel.swift */; };
		AB4604F329D967A000373E2B /* VideoListItemView.swift in Sources */ = {isa = PBXBuildFile; fileRef = AB4604F229D967A000373E2B /* VideoListItemView.swift */; };
		AB4604F529DAA7D500373E2B /* VideoPlayerView.swift in Sources */ = {isa = PBXBuildFile; fileRef = AB4604F429DAA7D500373E2B /* VideoPlayerView.swift */; };
		AB4604F829DAAF1400373E2B /* VideoPlayerHelper.swift in Sources */ = {isa = PBXBuildFile; fileRef = AB4604F729DAAF1400373E2B /* VideoPlayerHelper.swift */; };
		AB4604FA29DAB69600373E2B /* LocationModel.swift in Sources */ = {isa = PBXBuildFile; fileRef = AB4604F929DAB69600373E2B /* LocationModel.swift */; };
		AB4604FC29DAC18100373E2B /* MapAnnotationView.swift in Sources */ = {isa = PBXBuildFile; fileRef = AB4604FB29DAC18100373E2B /* MapAnnotationView.swift */; };
		AB54DEB229D6B062007B4EE7 /* AnimalDetailView.swift in Sources */ = {isa = PBXBuildFile; fileRef = AB54DEB129D6B062007B4EE7 /* AnimalDetailView.swift */; };
		AB54DEB429D6B67C007B4EE7 /* HeadingView.swift in Sources */ = {isa = PBXBuildFile; fileRef = AB54DEB329D6B67C007B4EE7 /* HeadingView.swift */; };
		AB54DEB629D6B9CC007B4EE7 /* InsetGalleryView.swift in Sources */ = {isa = PBXBuildFile; fileRef = AB54DEB529D6B9CC007B4EE7 /* InsetGalleryView.swift */; };
		AB54DEB829D6C313007B4EE7 /* InsetFactView.swift in Sources */ = {isa = PBXBuildFile; fileRef = AB54DEB729D6C313007B4EE7 /* InsetFactView.swift */; };
		AB86FB1B29D6CB750067B093 /* InsetMapView.swift in Sources */ = {isa = PBXBuildFile; fileRef = AB86FB1A29D6CB750067B093 /* InsetMapView.swift */; };
		AB86FB1D29D6D2520067B093 /* ExternalWeblinkView.swift in Sources */ = {isa = PBXBuildFile; fileRef = AB86FB1C29D6D2520067B093 /* ExternalWeblinkView.swift */; };
		ABB3BDF329D5F49700541C2C /* AnimalListItemView.swift in Sources */ = {isa = PBXBuildFile; fileRef = ABB3BDF229D5F49700541C2C /* AnimalListItemView.swift */; };
		ABBC6EA329D5FB1A00C579A8 /* AnimalModel.swift in Sources */ = {isa = PBXBuildFile; fileRef = ABBC6EA229D5FB1A00C579A8 /* AnimalModel.swift */; };
		ABBE834229D56D6500D03B05 /* AfricaApp.swift in Sources */ = {isa = PBXBuildFile; fileRef = ABBE834129D56D6500D03B05 /* AfricaApp.swift */; };
		ABBE834429D56D6500D03B05 /* ContentView.swift in Sources */ = {isa = PBXBuildFile; fileRef = ABBE834329D56D6500D03B05 /* ContentView.swift */; };
		ABBE834629D56D6500D03B05 /* Assets.xcassets in Resources */ = {isa = PBXBuildFile; fileRef = ABBE834529D56D6500D03B05 /* Assets.xcassets */; };
		ABBE834929D56D6500D03B05 /* Preview Assets.xcassets in Resources */ = {isa = PBXBuildFile; fileRef = ABBE834829D56D6500D03B05 /* Preview Assets.xcassets */; };
		ABBE835A29D5717A00D03B05 /* ostrich.mp4 in Resources */ = {isa = PBXBuildFile; fileRef = ABBE835029D5717800D03B05 /* ostrich.mp4 */; };
		ABBE835B29D5717A00D03B05 /* hippo.mp4 in Resources */ = {isa = PBXBuildFile; fileRef = ABBE835129D5717800D03B05 /* hippo.mp4 */; };
		ABBE835C29D5717A00D03B05 /* rhino.mp4 in Resources */ = {isa = PBXBuildFile; fileRef = ABBE835229D5717800D03B05 /* rhino.mp4 */; };
		ABBE835D29D5717A00D03B05 /* cheetah.mp4 in Resources */ = {isa = PBXBuildFile; fileRef = ABBE835329D5717900D03B05 /* cheetah.mp4 */; };
		ABBE835E29D5717A00D03B05 /* zebra.mp4 in Resources */ = {isa = PBXBuildFile; fileRef = ABBE835429D5717900D03B05 /* zebra.mp4 */; };
		ABBE835F29D5717A00D03B05 /* gorilla.mp4 in Resources */ = {isa = PBXBuildFile; fileRef = ABBE835529D5717900D03B05 /* gorilla.mp4 */; };
		ABBE836029D5717A00D03B05 /* giraffe.mp4 in Resources */ = {isa = PBXBuildFile; fileRef = ABBE835629D5717900D03B05 /* giraffe.mp4 */; };
		ABBE836129D5717A00D03B05 /* lion.mp4 in Resources */ = {isa = PBXBuildFile; fileRef = ABBE835729D5717900D03B05 /* lion.mp4 */; };
		ABBE836229D5717A00D03B05 /* lioness.mp4 in Resources */ = {isa = PBXBuildFile; fileRef = ABBE835829D5717A00D03B05 /* lioness.mp4 */; };
		ABBE836329D5717A00D03B05 /* elephant.mp4 in Resources */ = {isa = PBXBuildFile; fileRef = ABBE835929D5717A00D03B05 /* elephant.mp4 */; };
		ABBE836929D5726600D03B05 /* animals.json in Resources */ = {isa = PBXBuildFile; fileRef = ABBE836529D5726600D03B05 /* animals.json */; };
		ABBE836A29D5726600D03B05 /* covers.json in Resources */ = {isa = PBXBuildFile; fileRef = ABBE836629D5726600D03B05 /* covers.json */; };
		ABBE836B29D5726600D03B05 /* locations.json in Resources */ = {isa = PBXBuildFile; fileRef = ABBE836729D5726600D03B05 /* locations.json */; };
		ABBE836C29D5726600D03B05 /* videos.json in Resources */ = {isa = PBXBuildFile; fileRef = ABBE836829D5726600D03B05 /* videos.json */; };
		ABBE837029D5760600D03B05 /* VideoListView.swift in Sources */ = {isa = PBXBuildFile; fileRef = ABBE836F29D5760600D03B05 /* VideoListView.swift */; };
		ABBE837229D5761E00D03B05 /* MapView.swift in Sources */ = {isa = PBXBuildFile; fileRef = ABBE837129D5761E00D03B05 /* MapView.swift */; };
		ABBE837429D5763000D03B05 /* GalleryView.swift in Sources */ = {isa = PBXBuildFile; fileRef = ABBE837329D5763000D03B05 /* GalleryView.swift */; };
		ABBE837629D5763A00D03B05 /* MainView.swift in Sources */ = {isa = PBXBuildFile; fileRef = ABBE837529D5763A00D03B05 /* MainView.swift */; };
		ABBE837929D581A800D03B05 /* CoverImageView.swift in Sources */ = {isa = PBXBuildFile; fileRef = ABBE837829D581A800D03B05 /* CoverImageView.swift */; };
		ABBE837C29D585C600D03B05 /* CoverImageModel.swift in Sources */ = {isa = PBXBuildFile; fileRef = ABBE837B29D585C600D03B05 /* CoverImageModel.swift */; };
		ABBE837F29D58DD800D03B05 /* CodableBundleExtension.swift in Sources */ = {isa = PBXBuildFile; fileRef = ABBE837E29D58DD800D03B05 /* CodableBundleExtension.swift */; };
/* End PBXBuildFile section */

/* Begin PBXFileReference section */
		AB3604BE29DB34EF00247FEE /* MotionAnimationView.swift */ = {isa = PBXFileReference; lastKnownFileType = sourcecode.swift; path = MotionAnimationView.swift; sourceTree = "<group>"; };
		AB4604F029D9671B00373E2B /* VideoModel.swift */ = {isa = PBXFileReference; lastKnownFileType = sourcecode.swift; path = VideoModel.swift; sourceTree = "<group>"; };
		AB4604F229D967A000373E2B /* VideoListItemView.swift */ = {isa = PBXFileReference; lastKnownFileType = sourcecode.swift; path = VideoListItemView.swift; sourceTree = "<group>"; };
		AB4604F429DAA7D500373E2B /* VideoPlayerView.swift */ = {isa = PBXFileReference; lastKnownFileType = sourcecode.swift; path = VideoPlayerView.swift; sourceTree = "<group>"; };
		AB4604F729DAAF1400373E2B /* VideoPlayerHelper.swift */ = {isa = PBXFileReference; lastKnownFileType = sourcecode.swift; path = VideoPlayerHelper.swift; sourceTree = "<group>"; };
		AB4604F929DAB69600373E2B /* LocationModel.swift */ = {isa = PBXFileReference; lastKnownFileType = sourcecode.swift; path = LocationModel.swift; sourceTree = "<group>"; };
		AB4604FB29DAC18100373E2B /* MapAnnotationView.swift */ = {isa = PBXFileReference; lastKnownFileType = sourcecode.swift; path = MapAnnotationView.swift; sourceTree = "<group>"; };
		AB54DEB129D6B062007B4EE7 /* AnimalDetailView.swift */ = {isa = PBXFileReference; lastKnownFileType = sourcecode.swift; path = AnimalDetailView.swift; sourceTree = "<group>"; };
		AB54DEB329D6B67C007B4EE7 /* HeadingView.swift */ = {isa = PBXFileReference; lastKnownFileType = sourcecode.swift; path = HeadingView.swift; sourceTree = "<group>"; };
		AB54DEB529D6B9CC007B4EE7 /* InsetGalleryView.swift */ = {isa = PBXFileReference; lastKnownFileType = sourcecode.swift; path = InsetGalleryView.swift; sourceTree = "<group>"; };
		AB54DEB729D6C313007B4EE7 /* InsetFactView.swift */ = {isa = PBXFileReference; lastKnownFileType = sourcecode.swift; path = InsetFactView.swift; sourceTree = "<group>"; };
		AB86FB1A29D6CB750067B093 /* InsetMapView.swift */ = {isa = PBXFileReference; lastKnownFileType = sourcecode.swift; path = InsetMapView.swift; sourceTree = "<group>"; };
		AB86FB1C29D6D2520067B093 /* ExternalWeblinkView.swift */ = {isa = PBXFileReference; lastKnownFileType = sourcecode.swift; path = ExternalWeblinkView.swift; sourceTree = "<group>"; };
		ABB3BDF229D5F49700541C2C /* AnimalListItemView.swift */ = {isa = PBXFileReference; lastKnownFileType = sourcecode.swift; path = AnimalListItemView.swift; sourceTree = "<group>"; };
		ABBC6EA229D5FB1A00C579A8 /* AnimalModel.swift */ = {isa = PBXFileReference; lastKnownFileType = sourcecode.swift; path = AnimalModel.swift; sourceTree = "<group>"; };
		ABBE833E29D56D6500D03B05 /* Africa.app */ = {isa = PBXFileReference; explicitFileType = wrapper.application; includeInIndex = 0; path = Africa.app; sourceTree = BUILT_PRODUCTS_DIR; };
		ABBE834129D56D6500D03B05 /* AfricaApp.swift */ = {isa = PBXFileReference; lastKnownFileType = sourcecode.swift; path = AfricaApp.swift; sourceTree = "<group>"; };
		ABBE834329D56D6500D03B05 /* ContentView.swift */ = {isa = PBXFileReference; lastKnownFileType = sourcecode.swift; path = ContentView.swift; sourceTree = "<group>"; };
		ABBE834529D56D6500D03B05 /* Assets.xcassets */ = {isa = PBXFileReference; lastKnownFileType = folder.assetcatalog; path = Assets.xcassets; sourceTree = "<group>"; };
		ABBE834829D56D6500D03B05 /* Preview Assets.xcassets */ = {isa = PBXFileReference; lastKnownFileType = folder.assetcatalog; path = "Preview Assets.xcassets"; sourceTree = "<group>"; };
		ABBE835029D5717800D03B05 /* ostrich.mp4 */ = {isa = PBXFileReference; lastKnownFileType = file; path = ostrich.mp4; sourceTree = "<group>"; };
		ABBE835129D5717800D03B05 /* hippo.mp4 */ = {isa = PBXFileReference; lastKnownFileType = file; path = hippo.mp4; sourceTree = "<group>"; };
		ABBE835229D5717800D03B05 /* rhino.mp4 */ = {isa = PBXFileReference; lastKnownFileType = file; path = rhino.mp4; sourceTree = "<group>"; };
		ABBE835329D5717900D03B05 /* cheetah.mp4 */ = {isa = PBXFileReference; lastKnownFileType = file; path = cheetah.mp4; sourceTree = "<group>"; };
		ABBE835429D5717900D03B05 /* zebra.mp4 */ = {isa = PBXFileReference; lastKnownFileType = file; path = zebra.mp4; sourceTree = "<group>"; };
		ABBE835529D5717900D03B05 /* gorilla.mp4 */ = {isa = PBXFileReference; lastKnownFileType = file; path = gorilla.mp4; sourceTree = "<group>"; };
		ABBE835629D5717900D03B05 /* giraffe.mp4 */ = {isa = PBXFileReference; lastKnownFileType = file; path = giraffe.mp4; sourceTree = "<group>"; };
		ABBE835729D5717900D03B05 /* lion.mp4 */ = {isa = PBXFileReference; lastKnownFileType = file; path = lion.mp4; sourceTree = "<group>"; };
		ABBE835829D5717A00D03B05 /* lioness.mp4 */ = {isa = PBXFileReference; lastKnownFileType = file; path = lioness.mp4; sourceTree = "<group>"; };
		ABBE835929D5717A00D03B05 /* elephant.mp4 */ = {isa = PBXFileReference; lastKnownFileType = file; path = elephant.mp4; sourceTree = "<group>"; };
		ABBE836529D5726600D03B05 /* animals.json */ = {isa = PBXFileReference; fileEncoding = 4; lastKnownFileType = text.json; path = animals.json; sourceTree = "<group>"; };
		ABBE836629D5726600D03B05 /* covers.json */ = {isa = PBXFileReference; fileEncoding = 4; lastKnownFileType = text.json; path = covers.json; sourceTree = "<group>"; };
		ABBE836729D5726600D03B05 /* locations.json */ = {isa = PBXFileReference; fileEncoding = 4; lastKnownFileType = text.json; path = locations.json; sourceTree = "<group>"; };
		ABBE836829D5726600D03B05 /* videos.json */ = {isa = PBXFileReference; fileEncoding = 4; lastKnownFileType = text.json; path = videos.json; sourceTree = "<group>"; };
		ABBE836D29D5740600D03B05 /* Info.plist */ = {isa = PBXFileReference; lastKnownFileType = text.plist; path = Info.plist; sourceTree = "<group>"; };
		ABBE836F29D5760600D03B05 /* VideoListView.swift */ = {isa = PBXFileReference; lastKnownFileType = sourcecode.swift; path = VideoListView.swift; sourceTree = "<group>"; };
		ABBE837129D5761E00D03B05 /* MapView.swift */ = {isa = PBXFileReference; lastKnownFileType = sourcecode.swift; path = MapView.swift; sourceTree = "<group>"; };
		ABBE837329D5763000D03B05 /* GalleryView.swift */ = {isa = PBXFileReference; lastKnownFileType = sourcecode.swift; path = GalleryView.swift; sourceTree = "<group>"; };
		ABBE837529D5763A00D03B05 /* MainView.swift */ = {isa = PBXFileReference; lastKnownFileType = sourcecode.swift; path = MainView.swift; sourceTree = "<group>"; };
		ABBE837829D581A800D03B05 /* CoverImageView.swift */ = {isa = PBXFileReference; lastKnownFileType = sourcecode.swift; path = CoverImageView.swift; sourceTree = "<group>"; };
		ABBE837B29D585C600D03B05 /* CoverImageModel.swift */ = {isa = PBXFileReference; lastKnownFileType = sourcecode.swift; path = CoverImageModel.swift; sourceTree = "<group>"; };
		ABBE837E29D58DD800D03B05 /* CodableBundleExtension.swift */ = {isa = PBXFileReference; lastKnownFileType = sourcecode.swift; path = CodableBundleExtension.swift; sourceTree = "<group>"; };
/* End PBXFileReference section */

/* Begin PBXFrameworksBuildPhase section */
		ABBE833B29D56D6500D03B05 /* Frameworks */ = {
			isa = PBXFrameworksBuildPhase;
			buildActionMask = 2147483647;
			files = (
			);
			runOnlyForDeploymentPostprocessing = 0;
		};
/* End PBXFrameworksBuildPhase section */

/* Begin PBXGroup section */
		AB4604F629DAAF0300373E2B /* Helper */ = {
			isa = PBXGroup;
			children = (
				AB4604F729DAAF1400373E2B /* VideoPlayerHelper.swift */,
			);
			path = Helper;
			sourceTree = "<group>";
		};
		ABBE833529D56D6500D03B05 = {
			isa = PBXGroup;
			children = (
				ABBE834029D56D6500D03B05 /* Africa */,
				ABBE833F29D56D6500D03B05 /* Products */,
			);
			sourceTree = "<group>";
		};
		ABBE833F29D56D6500D03B05 /* Products */ = {
			isa = PBXGroup;
			children = (
				ABBE833E29D56D6500D03B05 /* Africa.app */,
			);
			name = Products;
			sourceTree = "<group>";
		};
		ABBE834029D56D6500D03B05 /* Africa */ = {
			isa = PBXGroup;
			children = (
				AB4604F629DAAF0300373E2B /* Helper */,
				ABBE837D29D58D3700D03B05 /* Extension */,
				ABBE837A29D5855100D03B05 /* Models */,
				ABBE837729D5818E00D03B05 /* Views */,
				ABBE836D29D5740600D03B05 /* Info.plist */,
				ABBE836429D5725100D03B05 /* Data */,
				ABBE834F29D5715400D03B05 /* Video */,
				ABBE836E29D5756E00D03B05 /* App */,
				ABBE834529D56D6500D03B05 /* Assets.xcassets */,
				ABBE834729D56D6500D03B05 /* Preview Content */,
			);
			path = Africa;
			sourceTree = "<group>";
		};
		ABBE834729D56D6500D03B05 /* Preview Content */ = {
			isa = PBXGroup;
			children = (
				ABBE834829D56D6500D03B05 /* Preview Assets.xcassets */,
			);
			path = "Preview Content";
			sourceTree = "<group>";
		};
		ABBE834F29D5715400D03B05 /* Video */ = {
			isa = PBXGroup;
			children = (
				ABBE835329D5717900D03B05 /* cheetah.mp4 */,
				ABBE835929D5717A00D03B05 /* elephant.mp4 */,
				ABBE835629D5717900D03B05 /* giraffe.mp4 */,
				ABBE835529D5717900D03B05 /* gorilla.mp4 */,
				ABBE835129D5717800D03B05 /* hippo.mp4 */,
				ABBE835729D5717900D03B05 /* lion.mp4 */,
				ABBE835829D5717A00D03B05 /* lioness.mp4 */,
				ABBE835029D5717800D03B05 /* ostrich.mp4 */,
				ABBE835229D5717800D03B05 /* rhino.mp4 */,
				ABBE835429D5717900D03B05 /* zebra.mp4 */,
			);
			path = Video;
			sourceTree = "<group>";
		};
		ABBE836429D5725100D03B05 /* Data */ = {
			isa = PBXGroup;
			children = (
				ABBE836529D5726600D03B05 /* animals.json */,
				ABBE836629D5726600D03B05 /* covers.json */,
				ABBE836729D5726600D03B05 /* locations.json */,
				ABBE836829D5726600D03B05 /* videos.json */,
			);
			path = Data;
			sourceTree = "<group>";
		};
		ABBE836E29D5756E00D03B05 /* App */ = {
			isa = PBXGroup;
			children = (
				ABBE834129D56D6500D03B05 /* AfricaApp.swift */,
				ABBE834329D56D6500D03B05 /* ContentView.swift */,
				ABBE836F29D5760600D03B05 /* VideoListView.swift */,
				ABBE837129D5761E00D03B05 /* MapView.swift */,
				ABBE837329D5763000D03B05 /* GalleryView.swift */,
				ABBE837529D5763A00D03B05 /* MainView.swift */,
				AB54DEB129D6B062007B4EE7 /* AnimalDetailView.swift */,
			);
			path = App;
			sourceTree = "<group>";
		};
		ABBE837729D5818E00D03B05 /* Views */ = {
			isa = PBXGroup;
			children = (
				ABBE837829D581A800D03B05 /* CoverImageView.swift */,
				ABB3BDF229D5F49700541C2C /* AnimalListItemView.swift */,
				AB54DEB329D6B67C007B4EE7 /* HeadingView.swift */,
				AB54DEB529D6B9CC007B4EE7 /* InsetGalleryView.swift */,
				AB54DEB729D6C313007B4EE7 /* InsetFactView.swift */,
				AB86FB1A29D6CB750067B093 /* InsetMapView.swift */,
				AB86FB1C29D6D2520067B093 /* ExternalWeblinkView.swift */,
				AB4604F229D967A000373E2B /* VideoListItemView.swift */,
				AB4604F429DAA7D500373E2B /* VideoPlayerView.swift */,
				AB4604FB29DAC18100373E2B /* MapAnnotationView.swift */,
				AB3604BE29DB34EF00247FEE /* MotionAnimationView.swift */,
			);
			path = Views;
			sourceTree = "<group>";
		};
		ABBE837A29D5855100D03B05 /* Models */ = {
			isa = PBXGroup;
			children = (
				ABBE837B29D585C600D03B05 /* CoverImageModel.swift */,
				ABBC6EA229D5FB1A00C579A8 /* AnimalModel.swift */,
				AB4604F029D9671B00373E2B /* VideoModel.swift */,
				AB4604F929DAB69600373E2B /* LocationModel.swift */,
			);
			path = Models;
			sourceTree = "<group>";
		};
		ABBE837D29D58D3700D03B05 /* Extension */ = {
			isa = PBXGroup;
			children = (
				ABBE837E29D58DD800D03B05 /* CodableBundleExtension.swift */,
			);
			path = Extension;
			sourceTree = "<group>";
		};
/* End PBXGroup section */

/* Begin PBXNativeTarget section */
		ABBE833D29D56D6500D03B05 /* Africa */ = {
			isa = PBXNativeTarget;
			buildConfigurationList = ABBE834C29D56D6500D03B05 /* Build configuration list for PBXNativeTarget "Africa" */;
			buildPhases = (
				ABBE833A29D56D6500D03B05 /* Sources */,
				ABBE833B29D56D6500D03B05 /* Frameworks */,
				ABBE833C29D56D6500D03B05 /* Resources */,
			);
			buildRules = (
			);
			dependencies = (
			);
			name = Africa;
			productName = Africa;
			productReference = ABBE833E29D56D6500D03B05 /* Africa.app */;
			productType = "com.apple.product-type.application";
		};
/* End PBXNativeTarget section */

/* Begin PBXProject section */
		ABBE833629D56D6500D03B05 /* Project object */ = {
			isa = PBXProject;
			attributes = {
				BuildIndependentTargetsInParallel = 1;
				LastSwiftUpdateCheck = 1420;
				LastUpgradeCheck = 1420;
				TargetAttributes = {
					ABBE833D29D56D6500D03B05 = {
						CreatedOnToolsVersion = 14.2;
					};
				};
			};
			buildConfigurationList = ABBE833929D56D6500D03B05 /* Build configuration list for PBXProject "Africa" */;
			compatibilityVersion = "Xcode 14.0";
			developmentRegion = en;
			hasScannedForEncodings = 0;
			knownRegions = (
				en,
				Base,
			);
			mainGroup = ABBE833529D56D6500D03B05;
			productRefGroup = ABBE833F29D56D6500D03B05 /* Products */;
			projectDirPath = "";
			projectRoot = "";
			targets = (
				ABBE833D29D56D6500D03B05 /* Africa */,
			);
		};
/* End PBXProject section */

/* Begin PBXResourcesBuildPhase section */
		ABBE833C29D56D6500D03B05 /* Resources */ = {
			isa = PBXResourcesBuildPhase;
			buildActionMask = 2147483647;
			files = (
				ABBE835B29D5717A00D03B05 /* hippo.mp4 in Resources */,
				ABBE836229D5717A00D03B05 /* lioness.mp4 in Resources */,
				ABBE835A29D5717A00D03B05 /* ostrich.mp4 in Resources */,
				ABBE835D29D5717A00D03B05 /* cheetah.mp4 in Resources */,
				ABBE836129D5717A00D03B05 /* lion.mp4 in Resources */,
				ABBE834929D56D6500D03B05 /* Preview Assets.xcassets in Resources */,
				ABBE835F29D5717A00D03B05 /* gorilla.mp4 in Resources */,
				ABBE836B29D5726600D03B05 /* locations.json in Resources */,
				ABBE836A29D5726600D03B05 /* covers.json in Resources */,
				ABBE836929D5726600D03B05 /* animals.json in Resources */,
				ABBE835C29D5717A00D03B05 /* rhino.mp4 in Resources */,
				ABBE836329D5717A00D03B05 /* elephant.mp4 in Resources */,
				ABBE835E29D5717A00D03B05 /* zebra.mp4 in Resources */,
				ABBE836C29D5726600D03B05 /* videos.json in Resources */,
				ABBE834629D56D6500D03B05 /* Assets.xcassets in Resources */,
				ABBE836029D5717A00D03B05 /* giraffe.mp4 in Resources */,
			);
			runOnlyForDeploymentPostprocessing = 0;
		};
/* End PBXResourcesBuildPhase section */

/* Begin PBXSourcesBuildPhase section */
		ABBE833A29D56D6500D03B05 /* Sources */ = {
			isa = PBXSourcesBuildPhase;
			buildActionMask = 2147483647;
			files = (
				AB4604F329D967A000373E2B /* VideoListItemView.swift in Sources */,
				AB86FB1D29D6D2520067B093 /* ExternalWeblinkView.swift in Sources */,
				ABBE834429D56D6500D03B05 /* ContentView.swift in Sources */,
				ABB3BDF329D5F49700541C2C /* AnimalListItemView.swift in Sources */,
				AB54DEB629D6B9CC007B4EE7 /* InsetGalleryView.swift in Sources */,
				AB54DEB829D6C313007B4EE7 /* InsetFactView.swift in Sources */,
				ABBE837629D5763A00D03B05 /* MainView.swift in Sources */,
				ABBE837929D581A800D03B05 /* CoverImageView.swift in Sources */,
				AB54DEB229D6B062007B4EE7 /* AnimalDetailView.swift in Sources */,
				AB54DEB429D6B67C007B4EE7 /* HeadingView.swift in Sources */,
				AB4604F829DAAF1400373E2B /* VideoPlayerHelper.swift in Sources */,
				ABBE837C29D585C600D03B05 /* CoverImageModel.swift in Sources */,
				AB86FB1B29D6CB750067B093 /* InsetMapView.swift in Sources */,
				AB4604FC29DAC18100373E2B /* MapAnnotationView.swift in Sources */,
				ABBC6EA329D5FB1A00C579A8 /* AnimalModel.swift in Sources */,
				ABBE837229D5761E00D03B05 /* MapView.swift in Sources */,
				AB4604F129D9671B00373E2B /* VideoModel.swift in Sources */,
				AB4604FA29DAB69600373E2B /* LocationModel.swift in Sources */,
				ABBE834229D56D6500D03B05 /* AfricaApp.swift in Sources */,
				ABBE837029D5760600D03B05 /* VideoListView.swift in Sources */,
				ABBE837429D5763000D03B05 /* GalleryView.swift in Sources */,
				AB3604BF29DB34EF00247FEE /* MotionAnimationView.swift in Sources */,
				ABBE837F29D58DD800D03B05 /* CodableBundleExtension.swift in Sources */,
				AB4604F529DAA7D500373E2B /* VideoPlayerView.swift in Sources */,
			);
			runOnlyForDeploymentPostprocessing = 0;
		};
/* End PBXSourcesBuildPhase section */

/* Begin XCBuildConfiguration section */
		ABBE834A29D56D6500D03B05 /* Debug */ = {
			isa = XCBuildConfiguration;
			buildSettings = {
				ALWAYS_SEARCH_USER_PATHS = NO;
				CLANG_ANALYZER_NONNULL = YES;
				CLANG_ANALYZER_NUMBER_OBJECT_CONVERSION = YES_AGGRESSIVE;
				CLANG_CXX_LANGUAGE_STANDARD = "gnu++20";
				CLANG_ENABLE_MODULES = YES;
				CLANG_ENABLE_OBJC_ARC = YES;
				CLANG_ENABLE_OBJC_WEAK = YES;
				CLANG_WARN_BLOCK_CAPTURE_AUTORELEASING = YES;
				CLANG_WARN_BOOL_CONVERSION = YES;
				CLANG_WARN_COMMA = YES;
				CLANG_WARN_CONSTANT_CONVERSION = YES;
				CLANG_WARN_DEPRECATED_OBJC_IMPLEMENTATIONS = YES;
				CLANG_WARN_DIRECT_OBJC_ISA_USAGE = YES_ERROR;
				CLANG_WARN_DOCUMENTATION_COMMENTS = YES;
				CLANG_WARN_EMPTY_BODY = YES;
				CLANG_WARN_ENUM_CONVERSION = YES;
				CLANG_WARN_INFINITE_RECURSION = YES;
				CLANG_WARN_INT_CONVERSION = YES;
				CLANG_WARN_NON_LITERAL_NULL_CONVERSION = YES;
				CLANG_WARN_OBJC_IMPLICIT_RETAIN_SELF = YES;
				CLANG_WARN_OBJC_LITERAL_CONVERSION = YES;
				CLANG_WARN_OBJC_ROOT_CLASS = YES_ERROR;
				CLANG_WARN_QUOTED_INCLUDE_IN_FRAMEWORK_HEADER = YES;
				CLANG_WARN_RANGE_LOOP_ANALYSIS = YES;
				CLANG_WARN_STRICT_PROTOTYPES = YES;
				CLANG_WARN_SUSPICIOUS_MOVE = YES;
				CLANG_WARN_UNGUARDED_AVAILABILITY = YES_AGGRESSIVE;
				CLANG_WARN_UNREACHABLE_CODE = YES;
				CLANG_WARN__DUPLICATE_METHOD_MATCH = YES;
				COPY_PHASE_STRIP = NO;
				DEBUG_INFORMATION_FORMAT = dwarf;
				ENABLE_STRICT_OBJC_MSGSEND = YES;
				ENABLE_TESTABILITY = YES;
				GCC_C_LANGUAGE_STANDARD = gnu11;
				GCC_DYNAMIC_NO_PIC = NO;
				GCC_NO_COMMON_BLOCKS = YES;
				GCC_OPTIMIZATION_LEVEL = 0;
				GCC_PREPROCESSOR_DEFINITIONS = (
					"DEBUG=1",
					"$(inherited)",
				);
				GCC_WARN_64_TO_32_BIT_CONVERSION = YES;
				GCC_WARN_ABOUT_RETURN_TYPE = YES_ERROR;
				GCC_WARN_UNDECLARED_SELECTOR = YES;
				GCC_WARN_UNINITIALIZED_AUTOS = YES_AGGRESSIVE;
				GCC_WARN_UNUSED_FUNCTION = YES;
				GCC_WARN_UNUSED_VARIABLE = YES;
				IPHONEOS_DEPLOYMENT_TARGET = 16.2;
				MTL_ENABLE_DEBUG_INFO = INCLUDE_SOURCE;
				MTL_FAST_MATH = YES;
				ONLY_ACTIVE_ARCH = YES;
				SDKROOT = iphoneos;
				SWIFT_ACTIVE_COMPILATION_CONDITIONS = DEBUG;
				SWIFT_OPTIMIZATION_LEVEL = "-Onone";
			};
			name = Debug;
		};
		ABBE834B29D56D6500D03B05 /* Release */ = {
			isa = XCBuildConfiguration;
			buildSettings = {
				ALWAYS_SEARCH_USER_PATHS = NO;
				CLANG_ANALYZER_NONNULL = YES;
				CLANG_ANALYZER_NUMBER_OBJECT_CONVERSION = YES_AGGRESSIVE;
				CLANG_CXX_LANGUAGE_STANDARD = "gnu++20";
				CLANG_ENABLE_MODULES = YES;
				CLANG_ENABLE_OBJC_ARC = YES;
				CLANG_ENABLE_OBJC_WEAK = YES;
				CLANG_WARN_BLOCK_CAPTURE_AUTORELEASING = YES;
				CLANG_WARN_BOOL_CONVERSION = YES;
				CLANG_WARN_COMMA = YES;
				CLANG_WARN_CONSTANT_CONVERSION = YES;
				CLANG_WARN_DEPRECATED_OBJC_IMPLEMENTATIONS = YES;
				CLANG_WARN_DIRECT_OBJC_ISA_USAGE = YES_ERROR;
				CLANG_WARN_DOCUMENTATION_COMMENTS = YES;
				CLANG_WARN_EMPTY_BODY = YES;
				CLANG_WARN_ENUM_CONVERSION = YES;
				CLANG_WARN_INFINITE_RECURSION = YES;
				CLANG_WARN_INT_CONVERSION = YES;
				CLANG_WARN_NON_LITERAL_NULL_CONVERSION = YES;
				CLANG_WARN_OBJC_IMPLICIT_RETAIN_SELF = YES;
				CLANG_WARN_OBJC_LITERAL_CONVERSION = YES;
				CLANG_WARN_OBJC_ROOT_CLASS = YES_ERROR;
				CLANG_WARN_QUOTED_INCLUDE_IN_FRAMEWORK_HEADER = YES;
				CLANG_WARN_RANGE_LOOP_ANALYSIS = YES;
				CLANG_WARN_STRICT_PROTOTYPES = YES;
				CLANG_WARN_SUSPICIOUS_MOVE = YES;
				CLANG_WARN_UNGUARDED_AVAILABILITY = YES_AGGRESSIVE;
				CLANG_WARN_UNREACHABLE_CODE = YES;
				CLANG_WARN__DUPLICATE_METHOD_MATCH = YES;
				COPY_PHASE_STRIP = NO;
				DEBUG_INFORMATION_FORMAT = "dwarf-with-dsym";
				ENABLE_NS_ASSERTIONS = NO;
				ENABLE_STRICT_OBJC_MSGSEND = YES;
				GCC_C_LANGUAGE_STANDARD = gnu11;
				GCC_NO_COMMON_BLOCKS = YES;
				GCC_WARN_64_TO_32_BIT_CONVERSION = YES;
				GCC_WARN_ABOUT_RETURN_TYPE = YES_ERROR;
				GCC_WARN_UNDECLARED_SELECTOR = YES;
				GCC_WARN_UNINITIALIZED_AUTOS = YES_AGGRESSIVE;
				GCC_WARN_UNUSED_FUNCTION = YES;
				GCC_WARN_UNUSED_VARIABLE = YES;
				IPHONEOS_DEPLOYMENT_TARGET = 16.2;
				MTL_ENABLE_DEBUG_INFO = NO;
				MTL_FAST_MATH = YES;
				SDKROOT = iphoneos;
				SWIFT_COMPILATION_MODE = wholemodule;
				SWIFT_OPTIMIZATION_LEVEL = "-O";
				VALIDATE_PRODUCT = YES;
			};
			name = Release;
		};
		ABBE834D29D56D6500D03B05 /* Debug */ = {
			isa = XCBuildConfiguration;
			buildSettings = {
				ASSETCATALOG_COMPILER_APPICON_NAME = AppIcon;
				ASSETCATALOG_COMPILER_GLOBAL_ACCENT_COLOR_NAME = AccentColor;
				CODE_SIGN_STYLE = Automatic;
				CURRENT_PROJECT_VERSION = 1;
				DEVELOPMENT_ASSET_PATHS = "\"Africa/Preview Content\"";
				DEVELOPMENT_TEAM = T2SL9AH7N9;
				ENABLE_PREVIEWS = YES;
				GENERATE_INFOPLIST_FILE = YES;
				INFOPLIST_FILE = Africa/Info.plist;
				INFOPLIST_KEY_UIApplicationSupportsIndirectInputEvents = YES;
				INFOPLIST_KEY_UISupportedInterfaceOrientations_iPhone = "UIInterfaceOrientationPortrait UIInterfaceOrientationLandscapeLeft UIInterfaceOrientationLandscapeRight";
				INFOPLIST_KEY_UIUserInterfaceStyle = Dark;
				LD_RUNPATH_SEARCH_PATHS = (
					"$(inherited)",
					"@executable_path/Frameworks",
				);
				MARKETING_VERSION = 1.0;
				PRODUCT_BUNDLE_IDENTIFIER = com.masonpham.Africa;
				PRODUCT_NAME = "$(TARGET_NAME)";
				SWIFT_EMIT_LOC_STRINGS = YES;
				SWIFT_VERSION = 5.0;
				TARGETED_DEVICE_FAMILY = "1,2";
			};
			name = Debug;
		};
		ABBE834E29D56D6500D03B05 /* Release */ = {
			isa = XCBuildConfiguration;
			buildSettings = {
				ASSETCATALOG_COMPILER_APPICON_NAME = AppIcon;
				ASSETCATALOG_COMPILER_GLOBAL_ACCENT_COLOR_NAME = AccentColor;
				CODE_SIGN_STYLE = Automatic;
				CURRENT_PROJECT_VERSION = 1;
				DEVELOPMENT_ASSET_PATHS = "\"Africa/Preview Content\"";
				DEVELOPMENT_TEAM = T2SL9AH7N9;
				ENABLE_PREVIEWS = YES;
				GENERATE_INFOPLIST_FILE = YES;
				INFOPLIST_FILE = Africa/Info.plist;
				INFOPLIST_KEY_UIApplicationSupportsIndirectInputEvents = YES;
				INFOPLIST_KEY_UISupportedInterfaceOrientations_iPhone = "UIInterfaceOrientationPortrait UIInterfaceOrientationLandscapeLeft UIInterfaceOrientationLandscapeRight";
				INFOPLIST_KEY_UIUserInterfaceStyle = Dark;
				LD_RUNPATH_SEARCH_PATHS = (
					"$(inherited)",
					"@executable_path/Frameworks",
				);
				MARKETING_VERSION = 1.0;
				PRODUCT_BUNDLE_IDENTIFIER = com.masonpham.Africa;
				PRODUCT_NAME = "$(TARGET_NAME)";
				SWIFT_EMIT_LOC_STRINGS = YES;
				SWIFT_VERSION = 5.0;
				TARGETED_DEVICE_FAMILY = "1,2";
			};
			name = Release;
		};
/* End XCBuildConfiguration section */

/* Begin XCConfigurationList section */
		ABBE833929D56D6500D03B05 /* Build configuration list for PBXProject "Africa" */ = {
			isa = XCConfigurationList;
			buildConfigurations = (
				ABBE834A29D56D6500D03B05 /* Debug */,
				ABBE834B29D56D6500D03B05 /* Release */,
			);
			defaultConfigurationIsVisible = 0;
			defaultConfigurationName = Release;
		};
		ABBE834C29D56D6500D03B05 /* Build configuration list for PBXNativeTarget "Africa" */ = {
			isa = XCConfigurationList;
			buildConfigurations = (
				ABBE834D29D56D6500D03B05 /* Debug */,
				ABBE834E29D56D6500D03B05 /* Release */,
			);
			defaultConfigurationIsVisible = 0;
			defaultConfigurationName = Release;
		};
/* End XCConfigurationList section */
	};
	rootObject = ABBE833629D56D6500D03B05 /* Project object */;
}
